# This file was autogenerated by Stack.
# You should not edit this file by hand.
# For more information, please see the documentation at:
#   https://docs.haskellstack.org/en/stable/lock_files

packages:
- completed:
    hackage: hspec-golden-0.1.0.0@sha256:5be2da1968d023b9df809e9781060ea094e13b5475b2db84f40df4d3c659d63c,1800
    pantry-tree:
      size: 495
      sha256: ae81bbbfa06ee47c09497b27d10e78f72ab6873874b85ca5436a50f0065ff610
  original:
    hackage: hspec-golden-0.1.0.0
- completed:
    hackage: simple-get-opt-0.3@sha256:89fac81712948f0e1868c713ba85c5e448963eedb32ec650a5281708f33a2b30,765
    pantry-tree:
      size: 217
      sha256: b3601b1bb689e41f403412e85603f8ab07cd3351c836a51d6396fb2ab1a7f9aa
  original:
    hackage: simple-get-opt-0.3
snapshots:
- completed:
    size: 523443
    url: https://raw.githubusercontent.com/commercialhaskell/stackage-snapshots/master/lts/14/0.yaml
    sha256: 283773e7120f5446d961eab35ea95c9af9c24187cc178537bd29273200a05171
  original: lts-14.0
